
Microsoft Visual Studio Solution File, Format Version 12.00
# Visual Studio 2013
VisualStudioVersion = 12.0.30110.0
MinimumVisualStudioVersion = 10.0.40219.1
Project("{8BC9CEB8-8B4A-11D0-8D11-00A0C91BC942}") = "CppTestProjecct", "CppTestProjecct\CppTestProjecct.vcxproj", "{ACE2DC8E-C821-48CC-A4E0-043F5FAFB148}"
EndProject
Project("{8BC9CEB8-8B4A-11D0-8D11-00A0C91BC942}") = "StatePatternTest", "StatePatternTest\StatePatternTest.vcxproj", "{3239A70A-1C01-476E-AE80-BD29FC50EE6F}"
EndProject
Project("{8BC9CEB8-8B4A-11D0-8D11-00A0C91BC942}") = "SimpleStatePatternTest", "SimpleStatePatternTest\SimpleStatePatternTest.vcxproj", "{062B0C05-F526-4BFB-9DEF-57591C8F7462}"
EndProject
Project("{8BC9CEB8-8B4A-11D0-8D11-00A0C91BC942}") = "Polymorphism", "Polymorphism\Polymorphism.vcxproj", "{8DC94972-A00F-4458-ADC8-D1B24440959A}"
EndProject
Global
	GlobalSection(SolutionConfigurationPlatforms) = preSolution
		Debug|Win32 = Debug|Win32
		Release|Win32 = Release|Win32
	EndGlobalSection
	GlobalSection(ProjectConfigurationPlatforms) = postSolution
		{ACE2DC8E-C821-48CC-A4E0-043F5FAFB148}.Debug|Win32.ActiveCfg = Debug|Win32
		{ACE2DC8E-C821-48CC-A4E0-043F5FAFB148}.Debug|Win32.Build.0 = Debug|Win32
		{ACE2DC8E-C821-48CC-A4E0-043F5FAFB148}.Release|Win32.ActiveCfg = Release|Win32
		{ACE2DC8E-C821-48CC-A4E0-043F5FAFB148}.Release|Win32.Build.0 = Release|Win32
		{3239A70A-1C01-476E-AE80-BD29FC50EE6F}.Debug|Win32.ActiveCfg = Debug|Win32
		{3239A70A-1C01-476E-AE80-BD29FC50EE6F}.Debug|Win32.Build.0 = Debug|Win32
		{3239A70A-1C01-476E-AE80-BD29FC50EE6F}.Release|Win32.ActiveCfg = Release|Win32
		{3239A70A-1C01-476E-AE80-BD29FC50EE6F}.Release|Win32.Build.0 = Release|Win32
		{062B0C05-F526-4BFB-9DEF-57591C8F7462}.Debug|Win32.ActiveCfg = Debug|Win32
		{062B0C05-F526-4BFB-9DEF-57591C8F7462}.Debug|Win32.Build.0 = Debug|Win32
		{062B0C05-F526-4BFB-9DEF-57591C8F7462}.Release|Win32.ActiveCfg = Release|Win32
		{062B0C05-F526-4BFB-9DEF-57591C8F7462}.Release|Win32.Build.0 = Release|Win32
		{8DC94972-A00F-4458-ADC8-D1B24440959A}.Debug|Win32.ActiveCfg = Debug|Win32
		{8DC94972-A00F-4458-ADC8-D1B24440959A}.Debug|Win32.Build.0 = Debug|Win32
		{8DC94972-A00F-4458-ADC8-D1B24440959A}.Release|Win32.ActiveCfg = Release|Win32
		{8DC94972-A00F-4458-ADC8-D1B24440959A}.Release|Win32.Build.0 = Release|Win32
	EndGlobalSection
	GlobalSection(SolutionProperties) = preSolution
		HideSolutionNode = FALSE
	EndGlobalSection
EndGlobal
